
Microsoft Visual Studio Solution File, Format Version 12.00
# Visual Studio Version 17
VisualStudioVersion = 17.6.33829.357
MinimumVisualStudioVersion = 10.0.40219.1
Project("{FAE04EC0-301F-11D3-BF4B-00C04F79EFBC}") = "Stubb", "Stubb\Stubb.csproj", "{FA95947C-8473-46FB-BEC6-FD2E60B9312D}"
EndProject
Project("{FAE04EC0-301F-11D3-BF4B-00C04F79EFBC}") = "Stubb.Tests", "Stubb.Tests\Stubb.Tests.csproj", "{9E65D8BB-394B-404A-84C5-DA54E2F65160}"
EndProject
Global
	GlobalSection(SolutionConfigurationPlatforms) = preSolution
		Debug|Any CPU = Debug|Any CPU
		Release|Any CPU = Release|Any CPU
	EndGlobalSection
	GlobalSection(ProjectConfigurationPlatforms) = postSolution
		{FA95947C-8473-46FB-BEC6-FD2E60B9312D}.Debug|Any CPU.ActiveCfg = Debug|Any CPU
		{FA95947C-8473-46FB-BEC6-FD2E60B9312D}.Debug|Any CPU.Build.0 = Debug|Any CPU
		{FA95947C-8473-46FB-BEC6-FD2E60B9312D}.Release|Any CPU.ActiveCfg = Release|Any CPU
		{FA95947C-8473-46FB-BEC6-FD2E60B9312D}.Release|Any CPU.Build.0 = Release|Any CPU
		{9E65D8BB-394B-404A-84C5-DA54E2F65160}.Debug|Any CPU.ActiveCfg = Debug|Any CPU
		{9E65D8BB-394B-404A-84C5-DA54E2F65160}.Debug|Any CPU.Build.0 = Debug|Any CPU
		{9E65D8BB-394B-404A-84C5-DA54E2F65160}.Release|Any CPU.ActiveCfg = Release|Any CPU
		{9E65D8BB-394B-404A-84C5-DA54E2F65160}.Release|Any CPU.Build.0 = Release|Any CPU
	EndGlobalSection
	GlobalSection(SolutionProperties) = preSolution
		HideSolutionNode = FALSE
	EndGlobalSection
	GlobalSection(ExtensibilityGlobals) = postSolution
		SolutionGuid = {DA379935-4BAB-4668-8CDC-E796D7BD2F24}
	EndGlobalSection
EndGlobal
